
Microsoft Visual Studio Solution File, Format Version 12.00
# Visual Studio Version 17
VisualStudioVersion = 17.14.36401.2 d17.14
MinimumVisualStudioVersion = 10.0.40219.1
Project("{FAE04EC0-301F-11D3-BF4B-00C04F79EFBC}") = "QuizArena", "QuizArena.csproj", "{D10393A3-3C17-4357-9438-6D1E4FF81243}"
EndProject
Global
	GlobalSection(SolutionConfigurationPlatforms) = preSolution
		Debug|Any CPU = Debug|Any CPU
		Release|Any CPU = Release|Any CPU
	EndGlobalSection
	GlobalSection(ProjectConfigurationPlatforms) = postSolution
		{D10393A3-3C17-4357-9438-6D1E4FF81243}.Debug|Any CPU.ActiveCfg = Debug|Any CPU
		{D10393A3-3C17-4357-9438-6D1E4FF81243}.Debug|Any CPU.Build.0 = Debug|Any CPU
		{D10393A3-3C17-4357-9438-6D1E4FF81243}.Release|Any CPU.ActiveCfg = Release|Any CPU
		{D10393A3-3C17-4357-9438-6D1E4FF81243}.Release|Any CPU.Build.0 = Release|Any CPU
	EndGlobalSection
	GlobalSection(SolutionProperties) = preSolution
		HideSolutionNode = FALSE
	EndGlobalSection
	GlobalSection(ExtensibilityGlobals) = postSolution
		SolutionGuid = {AAA007F0-6B1A-4DB0-9DE6-BC24C24B4B4C}
	EndGlobalSection
EndGlobal
